
Microsoft Visual Studio Solution File, Format Version 12.00
# Visual Studio Version 17
VisualStudioVersion = 17.3.32811.315
MinimumVisualStudioVersion = 10.0.40219.1
Project("{FAE04EC0-301F-11D3-BF4B-00C04F79EFBC}") = "SuperHeroAPI", "SuperHeroAPI\SuperHeroAPI.csproj", "{13EACDA2-64AD-45EC-A995-ACDC25C0578E}"
EndProject
Global
	GlobalSection(SolutionConfigurationPlatforms) = preSolution
		Debug|Any CPU = Debug|Any CPU
		Release|Any CPU = Release|Any CPU
	EndGlobalSection
	GlobalSection(ProjectConfigurationPlatforms) = postSolution
		{13EACDA2-64AD-45EC-A995-ACDC25C0578E}.Debug|Any CPU.ActiveCfg = Debug|Any CPU
		{13EACDA2-64AD-45EC-A995-ACDC25C0578E}.Debug|Any CPU.Build.0 = Debug|Any CPU
		{13EACDA2-64AD-45EC-A995-ACDC25C0578E}.Release|Any CPU.ActiveCfg = Release|Any CPU
		{13EACDA2-64AD-45EC-A995-ACDC25C0578E}.Release|Any CPU.Build.0 = Release|Any CPU
	EndGlobalSection
	GlobalSection(SolutionProperties) = preSolution
		HideSolutionNode = FALSE
	EndGlobalSection
	GlobalSection(ExtensibilityGlobals) = postSolution
		SolutionGuid = {303DC9D6-5EDB-45F4-9C1C-CBEC6DBACB27}
	EndGlobalSection
EndGlobal
